
Microsoft Visual Studio Solution File, Format Version 12.00
# Visual Studio Version 17
VisualStudioVersion = 17.5.002.0
MinimumVisualStudioVersion = 10.0.40219.1
Project("{2150E333-8FDC-42A3-9474-1A3956D46DE8}") = "1.TwoSum", "1.TwoSum", "{97B6911A-DFCC-4F57-9C5A-ACC9E0C274C8}"
EndProject
Project("{2150E333-8FDC-42A3-9474-1A3956D46DE8}") = "csharp", "csharp", "{4FC55997-442D-483B-9244-C15B132AB4BF}"
EndProject
Project("{9A19103F-16F7-4668-BE54-9A1E7A4F7556}") = "twoSUM", "1.TwoSum\csharp\twoSUM\twoSUM.csproj", "{E58AD6DA-5B48-4F5A-AA47-9FEB8D4C23C2}"
EndProject
Global
	GlobalSection(SolutionConfigurationPlatforms) = preSolution
		Debug|Any CPU = Debug|Any CPU
		Release|Any CPU = Release|Any CPU
	EndGlobalSection
	GlobalSection(ProjectConfigurationPlatforms) = postSolution
		{E58AD6DA-5B48-4F5A-AA47-9FEB8D4C23C2}.Debug|Any CPU.ActiveCfg = Debug|Any CPU
		{E58AD6DA-5B48-4F5A-AA47-9FEB8D4C23C2}.Debug|Any CPU.Build.0 = Debug|Any CPU
		{E58AD6DA-5B48-4F5A-AA47-9FEB8D4C23C2}.Release|Any CPU.ActiveCfg = Release|Any CPU
		{E58AD6DA-5B48-4F5A-AA47-9FEB8D4C23C2}.Release|Any CPU.Build.0 = Release|Any CPU
	EndGlobalSection
	GlobalSection(SolutionProperties) = preSolution
		HideSolutionNode = FALSE
	EndGlobalSection
	GlobalSection(NestedProjects) = preSolution
		{4FC55997-442D-483B-9244-C15B132AB4BF} = {97B6911A-DFCC-4F57-9C5A-ACC9E0C274C8}
		{E58AD6DA-5B48-4F5A-AA47-9FEB8D4C23C2} = {4FC55997-442D-483B-9244-C15B132AB4BF}
	EndGlobalSection
	GlobalSection(ExtensibilityGlobals) = postSolution
		SolutionGuid = {113236D4-A516-4993-A7DF-3C20CAD7A60A}
	EndGlobalSection
EndGlobal
